
Microsoft Visual Studio Solution File, Format Version 12.00
# Visual Studio Version 17
VisualStudioVersion = 17.3.32901.215
MinimumVisualStudioVersion = 10.0.40219.1
Project("{2150E333-8FDC-42A3-9474-1A3956D46DE8}") = "src", "src", "{71EE6298-73CB-4F4D-B581-650089108807}"
EndProject
Project("{2150E333-8FDC-42A3-9474-1A3956D46DE8}") = "corePackages", "corePackages", "{A95C435D-8C8C-499D-B7A6-497B7C6248A5}"
EndProject
Project("{2150E333-8FDC-42A3-9474-1A3956D46DE8}") = "project", "project", "{F7E2E0C8-E09E-4F65-992F-F93C1DEBFFBC}"
EndProject
Project("{2150E333-8FDC-42A3-9474-1A3956D46DE8}") = "GymopustaProject", "GymopustaProject", "{C00DF81D-783B-486C-8D03-D5BC65604D16}"
EndProject
Project("{FAE04EC0-301F-11D3-BF4B-00C04F79EFBC}") = "Application", "src\project\GymopustaProject\Application\Application.csproj", "{AFAE4992-4CD4-40FE-B285-CF7F92D13ADD}"
EndProject
Project("{FAE04EC0-301F-11D3-BF4B-00C04F79EFBC}") = "Core.Application", "src\corePackages\Core.Application\Core.Application.csproj", "{D1D1857D-62BB-43FF-8074-0C9F08DF9024}"
EndProject
Project("{FAE04EC0-301F-11D3-BF4B-00C04F79EFBC}") = "Core.CrossCuttingConcerns", "src\corePackages\Core.CrossCuttingConcerns\Core.CrossCuttingConcerns.csproj", "{C95AF6D2-90A0-4EE1-8961-ECF7B0AD34AF}"
EndProject
Project("{FAE04EC0-301F-11D3-BF4B-00C04F79EFBC}") = "Core.Security", "src\corePackages\Core.Security\Core.Security.csproj", "{2EE520D3-4AE8-40FC-9C6A-CB2B6185089E}"
EndProject
Project("{FAE04EC0-301F-11D3-BF4B-00C04F79EFBC}") = "Core.Persistence", "src\corePackages\Core.Persistence\Core.Persistence.csproj", "{678BC58C-2D8E-4C61-AA91-388CAA906708}"
EndProject
Project("{FAE04EC0-301F-11D3-BF4B-00C04F79EFBC}") = "Domain", "src\project\GymopustaProject\Domain\Domain\Domain.csproj", "{1FA4AF53-DCA2-46DE-AFFE-414486A01C9E}"
EndProject
Project("{FAE04EC0-301F-11D3-BF4B-00C04F79EFBC}") = "Infrastructure", "src\project\GymopustaProject\Infrastructure\Infrastructure.csproj", "{5A8D5241-D5DA-474E-9D43-7FE756FE7CF4}"
EndProject
Project("{FAE04EC0-301F-11D3-BF4B-00C04F79EFBC}") = "Persistence", "src\project\GymopustaProject\Persistence\Persistence.csproj", "{4A1F96F5-FC4D-4E7B-A14D-21B645B5465C}"
EndProject
Project("{FAE04EC0-301F-11D3-BF4B-00C04F79EFBC}") = "WebAPI", "src\project\GymopustaProject\WebAPI\WebAPI.csproj", "{25416580-3D21-443B-A8B7-0C99E50C1AB4}"
EndProject
Project("{FAE04EC0-301F-11D3-BF4B-00C04F79EFBC}") = "Core.Mailing", "src\corePackages\Core.Mailing\Core.Mailing.csproj", "{1718FC60-1588-46F6-8A6A-0F87997F9968}"
EndProject
Project("{FAE04EC0-301F-11D3-BF4B-00C04F79EFBC}") = "Core.ElasticSearch", "src\corePackages\Core.ElasticSearch\Core.ElasticSearch.csproj", "{7D80890F-EF0F-4E05-80EA-2ADB14F4F301}"
EndProject
Global
	GlobalSection(SolutionConfigurationPlatforms) = preSolution
		Debug|Any CPU = Debug|Any CPU
		Release|Any CPU = Release|Any CPU
	EndGlobalSection
	GlobalSection(ProjectConfigurationPlatforms) = postSolution
		{AFAE4992-4CD4-40FE-B285-CF7F92D13ADD}.Debug|Any CPU.ActiveCfg = Debug|Any CPU
		{AFAE4992-4CD4-40FE-B285-CF7F92D13ADD}.Debug|Any CPU.Build.0 = Debug|Any CPU
		{AFAE4992-4CD4-40FE-B285-CF7F92D13ADD}.Release|Any CPU.ActiveCfg = Release|Any CPU
		{AFAE4992-4CD4-40FE-B285-CF7F92D13ADD}.Release|Any CPU.Build.0 = Release|Any CPU
		{D1D1857D-62BB-43FF-8074-0C9F08DF9024}.Debug|Any CPU.ActiveCfg = Debug|Any CPU
		{D1D1857D-62BB-43FF-8074-0C9F08DF9024}.Debug|Any CPU.Build.0 = Debug|Any CPU
		{D1D1857D-62BB-43FF-8074-0C9F08DF9024}.Release|Any CPU.ActiveCfg = Release|Any CPU
		{D1D1857D-62BB-43FF-8074-0C9F08DF9024}.Release|Any CPU.Build.0 = Release|Any CPU
		{C95AF6D2-90A0-4EE1-8961-ECF7B0AD34AF}.Debug|Any CPU.ActiveCfg = Debug|Any CPU
		{C95AF6D2-90A0-4EE1-8961-ECF7B0AD34AF}.Debug|Any CPU.Build.0 = Debug|Any CPU
		{C95AF6D2-90A0-4EE1-8961-ECF7B0AD34AF}.Release|Any CPU.ActiveCfg = Release|Any CPU
		{C95AF6D2-90A0-4EE1-8961-ECF7B0AD34AF}.Release|Any CPU.Build.0 = Release|Any CPU
		{2EE520D3-4AE8-40FC-9C6A-CB2B6185089E}.Debug|Any CPU.ActiveCfg = Debug|Any CPU
		{2EE520D3-4AE8-40FC-9C6A-CB2B6185089E}.Debug|Any CPU.Build.0 = Debug|Any CPU
		{2EE520D3-4AE8-40FC-9C6A-CB2B6185089E}.Release|Any CPU.ActiveCfg = Release|Any CPU
		{2EE520D3-4AE8-40FC-9C6A-CB2B6185089E}.Release|Any CPU.Build.0 = Release|Any CPU
		{678BC58C-2D8E-4C61-AA91-388CAA906708}.Debug|Any CPU.ActiveCfg = Debug|Any CPU
		{678BC58C-2D8E-4C61-AA91-388CAA906708}.Debug|Any CPU.Build.0 = Debug|Any CPU
		{678BC58C-2D8E-4C61-AA91-388CAA906708}.Release|Any CPU.ActiveCfg = Release|Any CPU
		{678BC58C-2D8E-4C61-AA91-388CAA906708}.Release|Any CPU.Build.0 = Release|Any CPU
		{1FA4AF53-DCA2-46DE-AFFE-414486A01C9E}.Debug|Any CPU.ActiveCfg = Debug|Any CPU
		{1FA4AF53-DCA2-46DE-AFFE-414486A01C9E}.Debug|Any CPU.Build.0 = Debug|Any CPU
		{1FA4AF53-DCA2-46DE-AFFE-414486A01C9E}.Release|Any CPU.ActiveCfg = Release|Any CPU
		{1FA4AF53-DCA2-46DE-AFFE-414486A01C9E}.Release|Any CPU.Build.0 = Release|Any CPU
		{5A8D5241-D5DA-474E-9D43-7FE756FE7CF4}.Debug|Any CPU.ActiveCfg = Debug|Any CPU
		{5A8D5241-D5DA-474E-9D43-7FE756FE7CF4}.Debug|Any CPU.Build.0 = Debug|Any CPU
		{5A8D5241-D5DA-474E-9D43-7FE756FE7CF4}.Release|Any CPU.ActiveCfg = Release|Any CPU
		{5A8D5241-D5DA-474E-9D43-7FE756FE7CF4}.Release|Any CPU.Build.0 = Release|Any CPU
		{4A1F96F5-FC4D-4E7B-A14D-21B645B5465C}.Debug|Any CPU.ActiveCfg = Debug|Any CPU
		{4A1F96F5-FC4D-4E7B-A14D-21B645B5465C}.Debug|Any CPU.Build.0 = Debug|Any CPU
		{4A1F96F5-FC4D-4E7B-A14D-21B645B5465C}.Release|Any CPU.ActiveCfg = Release|Any CPU
		{4A1F96F5-FC4D-4E7B-A14D-21B645B5465C}.Release|Any CPU.Build.0 = Release|Any CPU
		{25416580-3D21-443B-A8B7-0C99E50C1AB4}.Debug|Any CPU.ActiveCfg = Debug|Any CPU
		{25416580-3D21-443B-A8B7-0C99E50C1AB4}.Debug|Any CPU.Build.0 = Debug|Any CPU
		{25416580-3D21-443B-A8B7-0C99E50C1AB4}.Release|Any CPU.ActiveCfg = Release|Any CPU
		{25416580-3D21-443B-A8B7-0C99E50C1AB4}.Release|Any CPU.Build.0 = Release|Any CPU
		{1718FC60-1588-46F6-8A6A-0F87997F9968}.Debug|Any CPU.ActiveCfg = Debug|Any CPU
		{1718FC60-1588-46F6-8A6A-0F87997F9968}.Debug|Any CPU.Build.0 = Debug|Any CPU
		{1718FC60-1588-46F6-8A6A-0F87997F9968}.Release|Any CPU.ActiveCfg = Release|Any CPU
		{1718FC60-1588-46F6-8A6A-0F87997F9968}.Release|Any CPU.Build.0 = Release|Any CPU
		{7D80890F-EF0F-4E05-80EA-2ADB14F4F301}.Debug|Any CPU.ActiveCfg = Debug|Any CPU
		{7D80890F-EF0F-4E05-80EA-2ADB14F4F301}.Debug|Any CPU.Build.0 = Debug|Any CPU
		{7D80890F-EF0F-4E05-80EA-2ADB14F4F301}.Release|Any CPU.ActiveCfg = Release|Any CPU
		{7D80890F-EF0F-4E05-80EA-2ADB14F4F301}.Release|Any CPU.Build.0 = Release|Any CPU
	EndGlobalSection
	GlobalSection(SolutionProperties) = preSolution
		HideSolutionNode = FALSE
	EndGlobalSection
	GlobalSection(NestedProjects) = preSolution
		{A95C435D-8C8C-499D-B7A6-497B7C6248A5} = {71EE6298-73CB-4F4D-B581-650089108807}
		{F7E2E0C8-E09E-4F65-992F-F93C1DEBFFBC} = {71EE6298-73CB-4F4D-B581-650089108807}
		{C00DF81D-783B-486C-8D03-D5BC65604D16} = {F7E2E0C8-E09E-4F65-992F-F93C1DEBFFBC}
		{AFAE4992-4CD4-40FE-B285-CF7F92D13ADD} = {C00DF81D-783B-486C-8D03-D5BC65604D16}
		{D1D1857D-62BB-43FF-8074-0C9F08DF9024} = {A95C435D-8C8C-499D-B7A6-497B7C6248A5}
		{C95AF6D2-90A0-4EE1-8961-ECF7B0AD34AF} = {A95C435D-8C8C-499D-B7A6-497B7C6248A5}
		{2EE520D3-4AE8-40FC-9C6A-CB2B6185089E} = {A95C435D-8C8C-499D-B7A6-497B7C6248A5}
		{678BC58C-2D8E-4C61-AA91-388CAA906708} = {A95C435D-8C8C-499D-B7A6-497B7C6248A5}
		{1FA4AF53-DCA2-46DE-AFFE-414486A01C9E} = {C00DF81D-783B-486C-8D03-D5BC65604D16}
		{5A8D5241-D5DA-474E-9D43-7FE756FE7CF4} = {C00DF81D-783B-486C-8D03-D5BC65604D16}
		{4A1F96F5-FC4D-4E7B-A14D-21B645B5465C} = {C00DF81D-783B-486C-8D03-D5BC65604D16}
		{25416580-3D21-443B-A8B7-0C99E50C1AB4} = {C00DF81D-783B-486C-8D03-D5BC65604D16}
		{1718FC60-1588-46F6-8A6A-0F87997F9968} = {A95C435D-8C8C-499D-B7A6-497B7C6248A5}
		{7D80890F-EF0F-4E05-80EA-2ADB14F4F301} = {A95C435D-8C8C-499D-B7A6-497B7C6248A5}
	EndGlobalSection
	GlobalSection(ExtensibilityGlobals) = postSolution
		SolutionGuid = {0D2C0E47-B9D7-4D1A-9390-36DCAE846FEB}
	EndGlobalSection
EndGlobal
